
Microsoft Visual Studio Solution File, Format Version 12.00
# Visual Studio Version 17
VisualStudioVersion = 17.0.32112.339
MinimumVisualStudioVersion = 10.0.40219.1
Project("{FAE04EC0-301F-11D3-BF4B-00C04F79EFBC}") = "Order", "Order\Order.csproj", "{E22D18B3-868E-4B89-9007-A0CFEB7E5751}"
EndProject
Global
	GlobalSection(SolutionConfigurationPlatforms) = preSolution
		Debug|Any CPU = Debug|Any CPU
		Release|Any CPU = Release|Any CPU
	EndGlobalSection
	GlobalSection(ProjectConfigurationPlatforms) = postSolution
		{E22D18B3-868E-4B89-9007-A0CFEB7E5751}.Debug|Any CPU.ActiveCfg = Debug|Any CPU
		{E22D18B3-868E-4B89-9007-A0CFEB7E5751}.Debug|Any CPU.Build.0 = Debug|Any CPU
		{E22D18B3-868E-4B89-9007-A0CFEB7E5751}.Release|Any CPU.ActiveCfg = Release|Any CPU
		{E22D18B3-868E-4B89-9007-A0CFEB7E5751}.Release|Any CPU.Build.0 = Release|Any CPU
	EndGlobalSection
	GlobalSection(SolutionProperties) = preSolution
		HideSolutionNode = FALSE
	EndGlobalSection
	GlobalSection(ExtensibilityGlobals) = postSolution
		SolutionGuid = {2FEC8C06-A5B2-467A-A0DB-35C25D04FA7E}
	EndGlobalSection
EndGlobal
